// !$*UTF8*$!
{
	archiveVersion = 1;
	classes = {
	};
	objectVersion = 50;
	objects = {

/* Begin PBXBuildFile section */
		9F567AB8263A27940059FF4C /* JobsCollectionViewLayout.swift in Sources */ = {isa = PBXBuildFile; fileRef = 9F567AB7263A27940059FF4C /* JobsCollectionViewLayout.swift */; };
		9F73D9CE262F69C60041229E /* ZeldaJobsApp.swift in Sources */ = {isa = PBXBuildFile; fileRef = 9F73D9CD262F69C60041229E /* ZeldaJobsApp.swift */; };
		9F73D9D0262F69C60041229E /* Home.swift in Sources */ = {isa = PBXBuildFile; fileRef = 9F73D9CF262F69C60041229E /* Home.swift */; };
		9F73D9D2262F69C80041229E /* Assets.xcassets in Resources */ = {isa = PBXBuildFile; fileRef = 9F73D9D1262F69C80041229E /* Assets.xcassets */; };
		9F73D9D5262F69C80041229E /* Preview Assets.xcassets in Resources */ = {isa = PBXBuildFile; fileRef = 9F73D9D4262F69C80041229E /* Preview Assets.xcassets */; };
		9F7C5226263E1B89000600BF /* BounceCirclesAnimation.swift in Sources */ = {isa = PBXBuildFile; fileRef = 9F7C5225263E1B89000600BF /* BounceCirclesAnimation.swift */; };
		9FA35D6D263981E600FCC938 /* JobCardCellView.swift in Sources */ = {isa = PBXBuildFile; fileRef = 9FA35D6C263981E600FCC938 /* JobCardCellView.swift */; };
		9FA35D71263984AB00FCC938 /* UIFont.swift in Sources */ = {isa = PBXBuildFile; fileRef = 9FA35D70263984AB00FCC938 /* UIFont.swift */; };
		9FA35D7426398D4B00FCC938 /* JobsCollectionView.swift in Sources */ = {isa = PBXBuildFile; fileRef = 9FA35D7326398D4B00FCC938 /* JobsCollectionView.swift */; };
		9FBD404C263DB1D00041AA60 /* ZeldaTabbar.swift in Sources */ = {isa = PBXBuildFile; fileRef = 9FBD404B263DB1D00041AA60 /* ZeldaTabbar.swift */; };
		9FBD4050263DB7B20041AA60 /* ZeldaTabbarItem.swift in Sources */ = {isa = PBXBuildFile; fileRef = 9FBD404F263DB7B20041AA60 /* ZeldaTabbarItem.swift */; };
		9FBD4053263DE5760041AA60 /* ZeldaTabbarAddItem.swift in Sources */ = {isa = PBXBuildFile; fileRef = 9FBD4052263DE5760041AA60 /* ZeldaTabbarAddItem.swift */; };
/* End PBXBuildFile section */

/* Begin PBXFileReference section */
		9F567AB7263A27940059FF4C /* JobsCollectionViewLayout.swift */ = {isa = PBXFileReference; lastKnownFileType = sourcecode.swift; path = JobsCollectionViewLayout.swift; sourceTree = "<group>"; };
		9F73D9CA262F69C60041229E /* ZeldaJobs.app */ = {isa = PBXFileReference; explicitFileType = wrapper.application; includeInIndex = 0; path = ZeldaJobs.app; sourceTree = BUILT_PRODUCTS_DIR; };
		9F73D9CD262F69C60041229E /* ZeldaJobsApp.swift */ = {isa = PBXFileReference; lastKnownFileType = sourcecode.swift; path = ZeldaJobsApp.swift; sourceTree = "<group>"; };
		9F73D9CF262F69C60041229E /* Home.swift */ = {isa = PBXFileReference; lastKnownFileType = sourcecode.swift; path = Home.swift; sourceTree = "<group>"; };
		9F73D9D1262F69C80041229E /* Assets.xcassets */ = {isa = PBXFileReference; lastKnownFileType = folder.assetcatalog; path = Assets.xcassets; sourceTree = "<group>"; };
		9F73D9D4262F69C80041229E /* Preview Assets.xcassets */ = {isa = PBXFileReference; lastKnownFileType = folder.assetcatalog; path = "Preview Assets.xcassets"; sourceTree = "<group>"; };
		9F73D9D6262F69C80041229E /* Info.plist */ = {isa = PBXFileReference; lastKnownFileType = text.plist.xml; path = Info.plist; sourceTree = "<group>"; };
		9F7C5225263E1B89000600BF /* BounceCirclesAnimation.swift */ = {isa = PBXFileReference; lastKnownFileType = sourcecode.swift; path = BounceCirclesAnimation.swift; sourceTree = "<group>"; };
		9FA35D6C263981E600FCC938 /* JobCardCellView.swift */ = {isa = PBXFileReference; lastKnownFileType = sourcecode.swift; path = JobCardCellView.swift; sourceTree = "<group>"; };
		9FA35D70263984AB00FCC938 /* UIFont.swift */ = {isa = PBXFileReference; lastKnownFileType = sourcecode.swift; path = UIFont.swift; sourceTree = "<group>"; };
		9FA35D7326398D4B00FCC938 /* JobsCollectionView.swift */ = {isa = PBXFileReference; lastKnownFileType = sourcecode.swift; path = JobsCollectionView.swift; sourceTree = "<group>"; };
		9FBD404B263DB1D00041AA60 /* ZeldaTabbar.swift */ = {isa = PBXFileReference; lastKnownFileType = sourcecode.swift; path = ZeldaTabbar.swift; sourceTree = "<group>"; };
		9FBD404F263DB7B20041AA60 /* ZeldaTabbarItem.swift */ = {isa = PBXFileReference; lastKnownFileType = sourcecode.swift; path = ZeldaTabbarItem.swift; sourceTree = "<group>"; };
		9FBD4052263DE5760041AA60 /* ZeldaTabbarAddItem.swift */ = {isa = PBXFileReference; lastKnownFileType = sourcecode.swift; path = ZeldaTabbarAddItem.swift; sourceTree = "<group>"; };
/* End PBXFileReference section */

/* Begin PBXFrameworksBuildPhase section */
		9F73D9C7262F69C60041229E /* Frameworks */ = {
			isa = PBXFrameworksBuildPhase;
			buildActionMask = 2147483647;
			files = (
			);
			runOnlyForDeploymentPostprocessing = 0;
		};
/* End PBXFrameworksBuildPhase section */

/* Begin PBXGroup section */
		9F73D9C1262F69C60041229E = {
			isa = PBXGroup;
			children = (
				9F73D9CC262F69C60041229E /* ZeldaJobs */,
				9F73D9CB262F69C60041229E /* Products */,
			);
			sourceTree = "<group>";
		};
		9F73D9CB262F69C60041229E /* Products */ = {
			isa = PBXGroup;
			children = (
				9F73D9CA262F69C60041229E /* ZeldaJobs.app */,
			);
			name = Products;
			sourceTree = "<group>";
		};
		9F73D9CC262F69C60041229E /* ZeldaJobs */ = {
			isa = PBXGroup;
			children = (
				9F73D9CD262F69C60041229E /* ZeldaJobsApp.swift */,
				9FBD4041263DB08F0041AA60 /* Zelda_IOS */,
				9FBD4042263DB0A50041AA60 /* Zelda_SwiftUI */,
				9FBD4043263DB0B60041AA60 /* Zelda_Kit */,
				9FA35D6F263984A000FCC938 /* Helpers */,
				9F73D9D1262F69C80041229E /* Assets.xcassets */,
				9F73D9D6262F69C80041229E /* Info.plist */,
				9F73D9D3262F69C80041229E /* Preview Content */,
			);
			path = ZeldaJobs;
			sourceTree = "<group>";
		};
		9F73D9D3262F69C80041229E /* Preview Content */ = {
			isa = PBXGroup;
			children = (
				9F73D9D4262F69C80041229E /* Preview Assets.xcassets */,
			);
			path = "Preview Content";
			sourceTree = "<group>";
		};
		9FA35D6F263984A000FCC938 /* Helpers */ = {
			isa = PBXGroup;
			children = (
				9FA35D70263984AB00FCC938 /* UIFont.swift */,
			);
			path = Helpers;
			sourceTree = "<group>";
		};
		9FBD403F263DB05D0041AA60 /* JobsCards */ = {
			isa = PBXGroup;
			children = (
				9FBD4045263DB16C0041AA60 /* RootView */,
			);
			path = JobsCards;
			sourceTree = "<group>";
		};
		9FBD4041263DB08F0041AA60 /* Zelda_IOS */ = {
			isa = PBXGroup;
			children = (
				9FBD4049263DB1980041AA60 /* Home */,
			);
			path = Zelda_IOS;
			sourceTree = "<group>";
		};
		9FBD4042263DB0A50041AA60 /* Zelda_SwiftUI */ = {
			isa = PBXGroup;
			children = (
			);
			path = Zelda_SwiftUI;
			sourceTree = "<group>";
		};
		9FBD4043263DB0B60041AA60 /* Zelda_Kit */ = {
			isa = PBXGroup;
			children = (
			);
			path = Zelda_Kit;
			sourceTree = "<group>";
		};
		9FBD4045263DB16C0041AA60 /* RootView */ = {
			isa = PBXGroup;
			children = (
				9FA35D6C263981E600FCC938 /* JobCardCellView.swift */,
				9FA35D7326398D4B00FCC938 /* JobsCollectionView.swift */,
				9F567AB7263A27940059FF4C /* JobsCollectionViewLayout.swift */,
			);
			path = RootView;
			sourceTree = "<group>";
		};
		9FBD4049263DB1980041AA60 /* Home */ = {
			isa = PBXGroup;
			children = (
				9F73D9CF262F69C60041229E /* Home.swift */,
				9FBD404A263DB1BA0041AA60 /* Tabbar */,
				9FBD403F263DB05D0041AA60 /* JobsCards */,
			);
			path = Home;
			sourceTree = "<group>";
		};
		9FBD404A263DB1BA0041AA60 /* Tabbar */ = {
			isa = PBXGroup;
			children = (
				9FBD404B263DB1D00041AA60 /* ZeldaTabbar.swift */,
				9FBD404F263DB7B20041AA60 /* ZeldaTabbarItem.swift */,
				9FBD4052263DE5760041AA60 /* ZeldaTabbarAddItem.swift */,
				9F7C5225263E1B89000600BF /* BounceCirclesAnimation.swift */,
			);
			path = Tabbar;
			sourceTree = "<group>";
		};
/* End PBXGroup section */

/* Begin PBXNativeTarget section */
		9F73D9C9262F69C60041229E /* ZeldaJobs */ = {
			isa = PBXNativeTarget;
			buildConfigurationList = 9F73D9D9262F69C80041229E /* Build configuration list for PBXNativeTarget "ZeldaJobs" */;
			buildPhases = (
				9F73D9C6262F69C60041229E /* Sources */,
				9F73D9C7262F69C60041229E /* Frameworks */,
				9F73D9C8262F69C60041229E /* Resources */,
			);
			buildRules = (
			);
			dependencies = (
			);
			name = ZeldaJobs;
			productName = ZeldaJobs;
			productReference = 9F73D9CA262F69C60041229E /* ZeldaJobs.app */;
			productType = "com.apple.product-type.application";
		};
/* End PBXNativeTarget section */

/* Begin PBXProject section */
		9F73D9C2262F69C60041229E /* Project object */ = {
			isa = PBXProject;
			attributes = {
				LastSwiftUpdateCheck = 1240;
				LastUpgradeCheck = 1240;
				TargetAttributes = {
					9F73D9C9262F69C60041229E = {
						CreatedOnToolsVersion = 12.4;
					};
				};
			};
			buildConfigurationList = 9F73D9C5262F69C60041229E /* Build configuration list for PBXProject "ZeldaJobs" */;
			compatibilityVersion = "Xcode 9.3";
			developmentRegion = en;
			hasScannedForEncodings = 0;
			knownRegions = (
				en,
				Base,
			);
			mainGroup = 9F73D9C1262F69C60041229E;
			productRefGroup = 9F73D9CB262F69C60041229E /* Products */;
			projectDirPath = "";
			projectRoot = "";
			targets = (
				9F73D9C9262F69C60041229E /* ZeldaJobs */,
			);
		};
/* End PBXProject section */

/* Begin PBXResourcesBuildPhase section */
		9F73D9C8262F69C60041229E /* Resources */ = {
			isa = PBXResourcesBuildPhase;
			buildActionMask = 2147483647;
			files = (
				9F73D9D5262F69C80041229E /* Preview Assets.xcassets in Resources */,
				9F73D9D2262F69C80041229E /* Assets.xcassets in Resources */,
			);
			runOnlyForDeploymentPostprocessing = 0;
		};
/* End PBXResourcesBuildPhase section */

/* Begin PBXSourcesBuildPhase section */
		9F73D9C6262F69C60041229E /* Sources */ = {
			isa = PBXSourcesBuildPhase;
			buildActionMask = 2147483647;
			files = (
				9FA35D71263984AB00FCC938 /* UIFont.swift in Sources */,
				9F73D9D0262F69C60041229E /* Home.swift in Sources */,
				9F7C5226263E1B89000600BF /* BounceCirclesAnimation.swift in Sources */,
				9F567AB8263A27940059FF4C /* JobsCollectionViewLayout.swift in Sources */,
				9FBD4050263DB7B20041AA60 /* ZeldaTabbarItem.swift in Sources */,
				9FA35D7426398D4B00FCC938 /* JobsCollectionView.swift in Sources */,
				9FA35D6D263981E600FCC938 /* JobCardCellView.swift in Sources */,
				9F73D9CE262F69C60041229E /* ZeldaJobsApp.swift in Sources */,
				9FBD404C263DB1D00041AA60 /* ZeldaTabbar.swift in Sources */,
				9FBD4053263DE5760041AA60 /* ZeldaTabbarAddItem.swift in Sources */,
			);
			runOnlyForDeploymentPostprocessing = 0;
		};
/* End PBXSourcesBuildPhase section */

/* Begin XCBuildConfiguration section */
		9F73D9D7262F69C80041229E /* Debug */ = {
			isa = XCBuildConfiguration;
			buildSettings = {
				ALWAYS_SEARCH_USER_PATHS = NO;
				CLANG_ANALYZER_NONNULL = YES;
				CLANG_ANALYZER_NUMBER_OBJECT_CONVERSION = YES_AGGRESSIVE;
				CLANG_CXX_LANGUAGE_STANDARD = "gnu++14";
				CLANG_CXX_LIBRARY = "libc++";
				CLANG_ENABLE_MODULES = YES;
				CLANG_ENABLE_OBJC_ARC = YES;
				CLANG_ENABLE_OBJC_WEAK = YES;
				CLANG_WARN_BLOCK_CAPTURE_AUTORELEASING = YES;
				CLANG_WARN_BOOL_CONVERSION = YES;
				CLANG_WARN_COMMA = YES;
				CLANG_WARN_CONSTANT_CONVERSION = YES;
				CLANG_WARN_DEPRECATED_OBJC_IMPLEMENTATIONS = YES;
				CLANG_WARN_DIRECT_OBJC_ISA_USAGE = YES_ERROR;
				CLANG_WARN_DOCUMENTATION_COMMENTS = YES;
				CLANG_WARN_EMPTY_BODY = YES;
				CLANG_WARN_ENUM_CONVERSION = YES;
				CLANG_WARN_INFINITE_RECURSION = YES;
				CLANG_WARN_INT_CONVERSION = YES;
				CLANG_WARN_NON_LITERAL_NULL_CONVERSION = YES;
				CLANG_WARN_OBJC_IMPLICIT_RETAIN_SELF = YES;
				CLANG_WARN_OBJC_LITERAL_CONVERSION = YES;
				CLANG_WARN_OBJC_ROOT_CLASS = YES_ERROR;
				CLANG_WARN_QUOTED_INCLUDE_IN_FRAMEWORK_HEADER = YES;
				CLANG_WARN_RANGE_LOOP_ANALYSIS = YES;
				CLANG_WARN_STRICT_PROTOTYPES = YES;
				CLANG_WARN_SUSPICIOUS_MOVE = YES;
				CLANG_WARN_UNGUARDED_AVAILABILITY = YES_AGGRESSIVE;
				CLANG_WARN_UNREACHABLE_CODE = YES;
				CLANG_WARN__DUPLICATE_METHOD_MATCH = YES;
				COPY_PHASE_STRIP = NO;
				DEBUG_INFORMATION_FORMAT = dwarf;
				ENABLE_STRICT_OBJC_MSGSEND = YES;
				ENABLE_TESTABILITY = YES;
				GCC_C_LANGUAGE_STANDARD = gnu11;
				GCC_DYNAMIC_NO_PIC = NO;
				GCC_NO_COMMON_BLOCKS = YES;
				GCC_OPTIMIZATION_LEVEL = 0;
				GCC_PREPROCESSOR_DEFINITIONS = (
					"DEBUG=1",
					"$(inherited)",
				);
				GCC_WARN_64_TO_32_BIT_CONVERSION = YES;
				GCC_WARN_ABOUT_RETURN_TYPE = YES_ERROR;
				GCC_WARN_UNDECLARED_SELECTOR = YES;
				GCC_WARN_UNINITIALIZED_AUTOS = YES_AGGRESSIVE;
				GCC_WARN_UNUSED_FUNCTION = YES;
				GCC_WARN_UNUSED_VARIABLE = YES;
				IPHONEOS_DEPLOYMENT_TARGET = 14.1;
				MTL_ENABLE_DEBUG_INFO = INCLUDE_SOURCE;
				MTL_FAST_MATH = YES;
				ONLY_ACTIVE_ARCH = YES;
				SDKROOT = iphoneos;
				SWIFT_ACTIVE_COMPILATION_CONDITIONS = DEBUG;
				SWIFT_OPTIMIZATION_LEVEL = "-Onone";
			};
			name = Debug;
		};
		9F73D9D8262F69C80041229E /* Release */ = {
			isa = XCBuildConfiguration;
			buildSettings = {
				ALWAYS_SEARCH_USER_PATHS = NO;
				CLANG_ANALYZER_NONNULL = YES;
				CLANG_ANALYZER_NUMBER_OBJECT_CONVERSION = YES_AGGRESSIVE;
				CLANG_CXX_LANGUAGE_STANDARD = "gnu++14";
				CLANG_CXX_LIBRARY = "libc++";
				CLANG_ENABLE_MODULES = YES;
				CLANG_ENABLE_OBJC_ARC = YES;
				CLANG_ENABLE_OBJC_WEAK = YES;
				CLANG_WARN_BLOCK_CAPTURE_AUTORELEASING = YES;
				CLANG_WARN_BOOL_CONVERSION = YES;
				CLANG_WARN_COMMA = YES;
				CLANG_WARN_CONSTANT_CONVERSION = YES;
				CLANG_WARN_DEPRECATED_OBJC_IMPLEMENTATIONS = YES;
				CLANG_WARN_DIRECT_OBJC_ISA_USAGE = YES_ERROR;
				CLANG_WARN_DOCUMENTATION_COMMENTS = YES;
				CLANG_WARN_EMPTY_BODY = YES;
				CLANG_WARN_ENUM_CONVERSION = YES;
				CLANG_WARN_INFINITE_RECURSION = YES;
				CLANG_WARN_INT_CONVERSION = YES;
				CLANG_WARN_NON_LITERAL_NULL_CONVERSION = YES;
				CLANG_WARN_OBJC_IMPLICIT_RETAIN_SELF = YES;
				CLANG_WARN_OBJC_LITERAL_CONVERSION = YES;
				CLANG_WARN_OBJC_ROOT_CLASS = YES_ERROR;
				CLANG_WARN_QUOTED_INCLUDE_IN_FRAMEWORK_HEADER = YES;
				CLANG_WARN_RANGE_LOOP_ANALYSIS = YES;
				CLANG_WARN_STRICT_PROTOTYPES = YES;
				CLANG_WARN_SUSPICIOUS_MOVE = YES;
				CLANG_WARN_UNGUARDED_AVAILABILITY = YES_AGGRESSIVE;
				CLANG_WARN_UNREACHABLE_CODE = YES;
				CLANG_WARN__DUPLICATE_METHOD_MATCH = YES;
				COPY_PHASE_STRIP = NO;
				DEBUG_INFORMATION_FORMAT = "dwarf-with-dsym";
				ENABLE_NS_ASSERTIONS = NO;
				ENABLE_STRICT_OBJC_MSGSEND = YES;
				GCC_C_LANGUAGE_STANDARD = gnu11;
				GCC_NO_COMMON_BLOCKS = YES;
				GCC_WARN_64_TO_32_BIT_CONVERSION = YES;
				GCC_WARN_ABOUT_RETURN_TYPE = YES_ERROR;
				GCC_WARN_UNDECLARED_SELECTOR = YES;
				GCC_WARN_UNINITIALIZED_AUTOS = YES_AGGRESSIVE;
				GCC_WARN_UNUSED_FUNCTION = YES;
				GCC_WARN_UNUSED_VARIABLE = YES;
				IPHONEOS_DEPLOYMENT_TARGET = 14.1;
				MTL_ENABLE_DEBUG_INFO = NO;
				MTL_FAST_MATH = YES;
				SDKROOT = iphoneos;
				SWIFT_COMPILATION_MODE = wholemodule;
				SWIFT_OPTIMIZATION_LEVEL = "-O";
				VALIDATE_PRODUCT = YES;
			};
			name = Release;
		};
		9F73D9DA262F69C80041229E /* Debug */ = {
			isa = XCBuildConfiguration;
			buildSettings = {
				ASSETCATALOG_COMPILER_APPICON_NAME = AppIcon;
				ASSETCATALOG_COMPILER_GLOBAL_ACCENT_COLOR_NAME = AccentColor;
				CODE_SIGN_STYLE = Automatic;
				DEVELOPMENT_ASSET_PATHS = "\"ZeldaJobs/Preview Content\"";
				DEVELOPMENT_TEAM = AHJJ77N3U7;
				ENABLE_PREVIEWS = YES;
				INFOPLIST_FILE = ZeldaJobs/Info.plist;
				IPHONEOS_DEPLOYMENT_TARGET = 14.0;
				LD_RUNPATH_SEARCH_PATHS = (
					"$(inherited)",
					"@executable_path/Frameworks",
				);
				PRODUCT_BUNDLE_IDENTIFIER = n.ZeldaJobs;
				PRODUCT_NAME = "$(TARGET_NAME)";
				SWIFT_VERSION = 5.0;
				TARGETED_DEVICE_FAMILY = "1,2";
			};
			name = Debug;
		};
		9F73D9DB262F69C80041229E /* Release */ = {
			isa = XCBuildConfiguration;
			buildSettings = {
				ASSETCATALOG_COMPILER_APPICON_NAME = AppIcon;
				ASSETCATALOG_COMPILER_GLOBAL_ACCENT_COLOR_NAME = AccentColor;
				CODE_SIGN_STYLE = Automatic;
				DEVELOPMENT_ASSET_PATHS = "\"ZeldaJobs/Preview Content\"";
				DEVELOPMENT_TEAM = AHJJ77N3U7;
				ENABLE_PREVIEWS = YES;
				INFOPLIST_FILE = ZeldaJobs/Info.plist;
				IPHONEOS_DEPLOYMENT_TARGET = 14.0;
				LD_RUNPATH_SEARCH_PATHS = (
					"$(inherited)",
					"@executable_path/Frameworks",
				);
				PRODUCT_BUNDLE_IDENTIFIER = n.ZeldaJobs;
				PRODUCT_NAME = "$(TARGET_NAME)";
				SWIFT_VERSION = 5.0;
				TARGETED_DEVICE_FAMILY = "1,2";
			};
			name = Release;
		};
/* End XCBuildConfiguration section */

/* Begin XCConfigurationList section */
		9F73D9C5262F69C60041229E /* Build configuration list for PBXProject "ZeldaJobs" */ = {
			isa = XCConfigurationList;
			buildConfigurations = (
				9F73D9D7262F69C80041229E /* Debug */,
				9F73D9D8262F69C80041229E /* Release */,
			);
			defaultConfigurationIsVisible = 0;
			defaultConfigurationName = Release;
		};
		9F73D9D9262F69C80041229E /* Build configuration list for PBXNativeTarget "ZeldaJobs" */ = {
			isa = XCConfigurationList;
			buildConfigurations = (
				9F73D9DA262F69C80041229E /* Debug */,
				9F73D9DB262F69C80041229E /* Release */,
			);
			defaultConfigurationIsVisible = 0;
			defaultConfigurationName = Release;
		};
/* End XCConfigurationList section */
	};
	rootObject = 9F73D9C2262F69C60041229E /* Project object */;
}
